
Microsoft Visual Studio Solution File, Format Version 12.00
# Visual Studio Version 17
VisualStudioVersion = 17.11.35222.181
MinimumVisualStudioVersion = 10.0.40219.1
Project("{FAE04EC0-301F-11D3-BF4B-00C04F79EFBC}") = "wpfTutorial5", "wpfTutorial5\wpfTutorial5.csproj", "{8AAB343C-87F3-4C52-8787-5644EFE9306D}"
EndProject
Global
	GlobalSection(SolutionConfigurationPlatforms) = preSolution
		Debug|Any CPU = Debug|Any CPU
		Release|Any CPU = Release|Any CPU
	EndGlobalSection
	GlobalSection(ProjectConfigurationPlatforms) = postSolution
		{8AAB343C-87F3-4C52-8787-5644EFE9306D}.Debug|Any CPU.ActiveCfg = Debug|Any CPU
		{8AAB343C-87F3-4C52-8787-5644EFE9306D}.Debug|Any CPU.Build.0 = Debug|Any CPU
		{8AAB343C-87F3-4C52-8787-5644EFE9306D}.Release|Any CPU.ActiveCfg = Release|Any CPU
		{8AAB343C-87F3-4C52-8787-5644EFE9306D}.Release|Any CPU.Build.0 = Release|Any CPU
	EndGlobalSection
	GlobalSection(SolutionProperties) = preSolution
		HideSolutionNode = FALSE
	EndGlobalSection
	GlobalSection(ExtensibilityGlobals) = postSolution
		SolutionGuid = {926E394D-22DB-4311-B452-FB19FF3717BC}
	EndGlobalSection
EndGlobal
