
Microsoft Visual Studio Solution File, Format Version 12.00
# Visual Studio Version 17
VisualStudioVersion = 17.11.35222.181
MinimumVisualStudioVersion = 10.0.40219.1
Project("{FAE04EC0-301F-11D3-BF4B-00C04F79EFBC}") = "Tutorial8_dataBinding", "Tutorial8_dataBinding\Tutorial8_dataBinding.csproj", "{632B75D5-B55C-48D0-B42F-81BEA5A72C57}"
EndProject
Global
	GlobalSection(SolutionConfigurationPlatforms) = preSolution
		Debug|Any CPU = Debug|Any CPU
		Release|Any CPU = Release|Any CPU
	EndGlobalSection
	GlobalSection(ProjectConfigurationPlatforms) = postSolution
		{632B75D5-B55C-48D0-B42F-81BEA5A72C57}.Debug|Any CPU.ActiveCfg = Debug|Any CPU
		{632B75D5-B55C-48D0-B42F-81BEA5A72C57}.Debug|Any CPU.Build.0 = Debug|Any CPU
		{632B75D5-B55C-48D0-B42F-81BEA5A72C57}.Release|Any CPU.ActiveCfg = Release|Any CPU
		{632B75D5-B55C-48D0-B42F-81BEA5A72C57}.Release|Any CPU.Build.0 = Release|Any CPU
	EndGlobalSection
	GlobalSection(SolutionProperties) = preSolution
		HideSolutionNode = FALSE
	EndGlobalSection
	GlobalSection(ExtensibilityGlobals) = postSolution
		SolutionGuid = {2AED10CE-F4C4-4C98-828C-E5C5D029FC95}
	EndGlobalSection
EndGlobal
