
Microsoft Visual Studio Solution File, Format Version 12.00
# Visual Studio Version 17
VisualStudioVersion = 17.11.35222.181
MinimumVisualStudioVersion = 10.0.40219.1
Project("{FAE04EC0-301F-11D3-BF4B-00C04F79EFBC}") = "Tutorial9_MessageBox", "Tutorial9_MessageBox\Tutorial9_MessageBox.csproj", "{9AE66A8E-9CE1-44D1-ACE3-A5BD014271D3}"
EndProject
Global
	GlobalSection(SolutionConfigurationPlatforms) = preSolution
		Debug|Any CPU = Debug|Any CPU
		Release|Any CPU = Release|Any CPU
	EndGlobalSection
	GlobalSection(ProjectConfigurationPlatforms) = postSolution
		{9AE66A8E-9CE1-44D1-ACE3-A5BD014271D3}.Debug|Any CPU.ActiveCfg = Debug|Any CPU
		{9AE66A8E-9CE1-44D1-ACE3-A5BD014271D3}.Debug|Any CPU.Build.0 = Debug|Any CPU
		{9AE66A8E-9CE1-44D1-ACE3-A5BD014271D3}.Release|Any CPU.ActiveCfg = Release|Any CPU
		{9AE66A8E-9CE1-44D1-ACE3-A5BD014271D3}.Release|Any CPU.Build.0 = Release|Any CPU
	EndGlobalSection
	GlobalSection(SolutionProperties) = preSolution
		HideSolutionNode = FALSE
	EndGlobalSection
	GlobalSection(ExtensibilityGlobals) = postSolution
		SolutionGuid = {8E6CBA93-1894-4538-A3C2-85702C14DE17}
	EndGlobalSection
EndGlobal
